
Microsoft Visual Studio Solution File, Format Version 12.00
# Visual Studio Version 16
VisualStudioVersion = 16.0.31624.102
MinimumVisualStudioVersion = 10.0.40219.1
Project("{FAE04EC0-301F-11D3-BF4B-00C04F79EFBC}") = "DadJokeGenerator.UI", "DadJokeGenerator\DadJokeGenerator.UI.csproj", "{839B1259-6D3B-4865-8B76-1AE351A8A174}"
EndProject
Project("{FAE04EC0-301F-11D3-BF4B-00C04F79EFBC}") = "DadJokeGenerator.Application", "DadJokeGenerator.Application\DadJokeGenerator.Application.csproj", "{DCC51014-C163-4391-ABA5-7BC711930D62}"
EndProject
Project("{FAE04EC0-301F-11D3-BF4B-00C04F79EFBC}") = "DadJokeGenerator.Data", "DadJokeGenerator.Data\DadJokeGenerator.Data.csproj", "{411C6848-F188-4668-9AAD-BA246485C292}"
EndProject
Project("{FAE04EC0-301F-11D3-BF4B-00C04F79EFBC}") = "DadJokeGenerator.APPI", "DadJokeGenerator.APPI\DadJokeGenerator.APPI.csproj", "{35F8AC3E-D746-4572-BF61-9FF6C0E468A9}"
EndProject
Project("{FAE04EC0-301F-11D3-BF4B-00C04F79EFBC}") = "DadJokeGenerator.DTO", "DadJokeGenerator.DTO\DadJokeGenerator.DTO.csproj", "{4861F55A-E34D-42B8-AAC2-844CADD6A165}"
EndProject
Global
	GlobalSection(SolutionConfigurationPlatforms) = preSolution
		Debug|Any CPU = Debug|Any CPU
		Release|Any CPU = Release|Any CPU
	EndGlobalSection
	GlobalSection(ProjectConfigurationPlatforms) = postSolution
		{839B1259-6D3B-4865-8B76-1AE351A8A174}.Debug|Any CPU.ActiveCfg = Debug|Any CPU
		{839B1259-6D3B-4865-8B76-1AE351A8A174}.Debug|Any CPU.Build.0 = Debug|Any CPU
		{839B1259-6D3B-4865-8B76-1AE351A8A174}.Release|Any CPU.ActiveCfg = Release|Any CPU
		{839B1259-6D3B-4865-8B76-1AE351A8A174}.Release|Any CPU.Build.0 = Release|Any CPU
		{DCC51014-C163-4391-ABA5-7BC711930D62}.Debug|Any CPU.ActiveCfg = Debug|Any CPU
		{DCC51014-C163-4391-ABA5-7BC711930D62}.Debug|Any CPU.Build.0 = Debug|Any CPU
		{DCC51014-C163-4391-ABA5-7BC711930D62}.Release|Any CPU.ActiveCfg = Release|Any CPU
		{DCC51014-C163-4391-ABA5-7BC711930D62}.Release|Any CPU.Build.0 = Release|Any CPU
		{411C6848-F188-4668-9AAD-BA246485C292}.Debug|Any CPU.ActiveCfg = Debug|Any CPU
		{411C6848-F188-4668-9AAD-BA246485C292}.Debug|Any CPU.Build.0 = Debug|Any CPU
		{411C6848-F188-4668-9AAD-BA246485C292}.Release|Any CPU.ActiveCfg = Release|Any CPU
		{411C6848-F188-4668-9AAD-BA246485C292}.Release|Any CPU.Build.0 = Release|Any CPU
		{35F8AC3E-D746-4572-BF61-9FF6C0E468A9}.Debug|Any CPU.ActiveCfg = Debug|Any CPU
		{35F8AC3E-D746-4572-BF61-9FF6C0E468A9}.Debug|Any CPU.Build.0 = Debug|Any CPU
		{35F8AC3E-D746-4572-BF61-9FF6C0E468A9}.Release|Any CPU.ActiveCfg = Release|Any CPU
		{35F8AC3E-D746-4572-BF61-9FF6C0E468A9}.Release|Any CPU.Build.0 = Release|Any CPU
		{4861F55A-E34D-42B8-AAC2-844CADD6A165}.Debug|Any CPU.ActiveCfg = Debug|Any CPU
		{4861F55A-E34D-42B8-AAC2-844CADD6A165}.Debug|Any CPU.Build.0 = Debug|Any CPU
		{4861F55A-E34D-42B8-AAC2-844CADD6A165}.Release|Any CPU.ActiveCfg = Release|Any CPU
		{4861F55A-E34D-42B8-AAC2-844CADD6A165}.Release|Any CPU.Build.0 = Release|Any CPU
	EndGlobalSection
	GlobalSection(SolutionProperties) = preSolution
		HideSolutionNode = FALSE
	EndGlobalSection
	GlobalSection(ExtensibilityGlobals) = postSolution
		SolutionGuid = {2CBB3E2E-A701-4E46-9ABE-B8399FC63716}
	EndGlobalSection
EndGlobal
